{
  "version": 4,
  "terraform_version": "1.2.9",
  "serial": 3,
  "lineage": "d3279e41-bc29-980f-2051-b9e9b55889be",
  "outputs": {},
  "resources": [
    {
      "mode": "managed",
      "type": "local_file",
      "name": "file1",
      "provider": "provider[\"registry.terraform.io/hashicorp/local\"]",
      "instances": [
        {
          "schema_version": 0,
          "attributes": {
            "content": "This is a sample data",
            "content_base64": null,
            "directory_permission": "0777",
            "file_permission": "0700",
            "filename": "File1.txt",
            "id": "ffcca3d559d7c9d89f91b507f4fbe66a54a16457",
            "sensitive_content": null,
            "source": null
          },
          "sensitive_attributes": [],
          "private": "bnVsbA=="
        }
      ]
    },
    {
      "mode": "managed",
      "type": "local_file",
      "name": "file2",
      "provider": "provider[\"registry.terraform.io/hashicorp/local\"]",
      "instances": [
        {
          "schema_version": 0,
          "attributes": {
            "content": "This is a sample data",
            "content_base64": null,
            "directory_permission": "0777",
            "file_permission": "0777",
            "filename": "File2.txt",
            "id": "ffcca3d559d7c9d89f91b507f4fbe66a54a16457",
            "sensitive_content": null,
            "source": null
          },
          "sensitive_attributes": [],
          "private": "bnVsbA==",
          "dependencies": [
            "local_file.file1"
          ]
        }
      ]
    }
  ]
}
