{
  "version": 4,
  "terraform_version": "1.3.0",
  "serial": 33,
  "lineage": "65ce41b0-f840-2470-fcca-7e4c17a3ecae",
  "outputs": {},
  "resources": [
    {
      "mode": "managed",
      "type": "local_file",
      "name": "file",
      "provider": "provider[\"registry.terraform.io/hashicorp/local\"]",
      "instances": [
        {
          "index_key": "File1.txt",
          "schema_version": 0,
          "attributes": {
            "content": "This is the file name File1.txt and the path is C:/Users/agupt/OneDrive/Desktop/mywork/code/terraform-quick-notes/terraform-for-each/File1.txt",
            "content_base64": null,
            "directory_permission": "0777",
            "file_permission": "0777",
            "filename": "File1.txt",
            "id": "008727a76f8d59049eda5c979a6fcc3d64c08ef8",
            "sensitive_content": null,
            "source": null
          },
          "sensitive_attributes": [],
          "private": "bnVsbA=="
        },
        {
          "index_key": "File2.txt",
          "schema_version": 0,
          "attributes": {
            "content": "This is the file name File2.txt and the path is C:/Users/agupt/OneDrive/Desktop/mywork/code/terraform-quick-notes/terraform-for-each/File2.txt",
            "content_base64": null,
            "directory_permission": "0777",
            "file_permission": "0777",
            "filename": "File2.txt",
            "id": "3cfadfa6aef5dfa407ebee464b237c7622786933",
            "sensitive_content": null,
            "source": null
          },
          "sensitive_attributes": [],
          "private": "bnVsbA=="
        },
        {
          "index_key": "File3.txt",
          "schema_version": 0,
          "attributes": {
            "content": "This is the file name File3.txt and the path is C:/Users/agupt/OneDrive/Desktop/mywork/code/terraform-quick-notes/terraform-for-each/File3.txt",
            "content_base64": null,
            "directory_permission": "0777",
            "file_permission": "0777",
            "filename": "File3.txt",
            "id": "cf754e8c3a0a33bc488ff70f58cf48b1d3f3bf6e",
            "sensitive_content": null,
            "source": null
          },
          "sensitive_attributes": [],
          "private": "bnVsbA=="
        }
      ]
    },
    {
      "mode": "managed",
      "type": "local_file",
      "name": "myfile",
      "provider": "provider[\"registry.terraform.io/hashicorp/local\"]",
      "instances": [
        {
          "index_key": "L1",
          "schema_version": 0,
          "attributes": {
            "content": "L1",
            "content_base64": null,
            "directory_permission": "0777",
            "file_permission": "0777",
            "filename": "L1.txt",
            "id": "52b1773e986d85ab44b6b67319708dcec8867b79",
            "sensitive_content": null,
            "source": null
          },
          "sensitive_attributes": [],
          "private": "bnVsbA=="
        },
        {
          "index_key": "L2",
          "schema_version": 0,
          "attributes": {
            "content": "L2",
            "content_base64": null,
            "directory_permission": "0777",
            "file_permission": "0777",
            "filename": "L2.txt",
            "id": "a58b12bf79088e3096165fd69c8df55fdc79b2d0",
            "sensitive_content": null,
            "source": null
          },
          "sensitive_attributes": [],
          "private": "bnVsbA=="
        },
        {
          "index_key": "L3",
          "schema_version": 0,
          "attributes": {
            "content": "L3",
            "content_base64": null,
            "directory_permission": "0777",
            "file_permission": "0777",
            "filename": "L3.txt",
            "id": "c6cacbbe61fddf595b9c69dde1c8d5791215fa58",
            "sensitive_content": null,
            "source": null
          },
          "sensitive_attributes": [],
          "private": "bnVsbA=="
        }
      ]
    }
  ],
  "check_results": []
}
