{
  "version": 4,
  "terraform_version": "1.2.9",
  "serial": 22,
  "lineage": "65ce41b0-f840-2470-fcca-7e4c17a3ecae",
  "outputs": {},
  "resources": [
    {
      "mode": "managed",
      "type": "local_file",
      "name": "file",
      "provider": "provider[\"registry.terraform.io/hashicorp/local\"]",
      "instances": [
        {
          "index_key": "File1.txt",
          "schema_version": 0,
          "attributes": {
            "content": "This is the file name File1.txt and the path is D:/Akhil/terraform-quick-notes/terraform-for-each/File1.txt",
            "content_base64": null,
            "directory_permission": "0777",
            "file_permission": "0777",
            "filename": "File1.txt",
            "id": "08c5fa72eaefe39a9963d3fdcdb168ad1207a8ec",
            "sensitive_content": null,
            "source": null
          },
          "sensitive_attributes": [],
          "private": "bnVsbA=="
        },
        {
          "index_key": "File2.txt",
          "schema_version": 0,
          "attributes": {
            "content": "This is the file name File2.txt and the path is D:/Akhil/terraform-quick-notes/terraform-for-each/File2.txt",
            "content_base64": null,
            "directory_permission": "0777",
            "file_permission": "0777",
            "filename": "File2.txt",
            "id": "c4fe636517bab43eb179890d813e2c21a5621bbc",
            "sensitive_content": null,
            "source": null
          },
          "sensitive_attributes": [],
          "private": "bnVsbA=="
        },
        {
          "index_key": "File3.txt",
          "schema_version": 0,
          "attributes": {
            "content": "This is the file name File3.txt and the path is D:/Akhil/terraform-quick-notes/terraform-for-each/File3.txt",
            "content_base64": null,
            "directory_permission": "0777",
            "file_permission": "0777",
            "filename": "File3.txt",
            "id": "193ca6dd3500585ec6b842eabc1d37077151da0b",
            "sensitive_content": null,
            "source": null
          },
          "sensitive_attributes": [],
          "private": "bnVsbA=="
        }
      ]
    }
  ]
}
