{
  "version": 4,
  "terraform_version": "1.3.0",
  "serial": 15,
  "lineage": "989fab5d-d0aa-7a32-af33-774e51d1287a",
  "outputs": {},
  "resources": [
    {
      "mode": "managed",
      "type": "local_file",
      "name": "file1",
      "provider": "provider[\"registry.terraform.io/hashicorp/local\"]",
      "instances": [
        {
          "schema_version": 0,
          "attributes": {
            "content": "Mrs.subtly.deadly.prepared.flamingo",
            "content_base64": null,
            "directory_permission": "0777",
            "file_permission": "0777",
            "filename": "File1.txt",
            "id": "ee893ec049a3d22de15a67092b701b52a4f1a351",
            "sensitive_content": null,
            "source": null
          },
          "sensitive_attributes": [],
          "private": "bnVsbA==",
          "dependencies": [
            "random_pet.pet1"
          ]
        }
      ]
    },
    {
      "mode": "managed",
      "type": "random_pet",
      "name": "pet1",
      "provider": "provider[\"registry.terraform.io/hashicorp/random\"]",
      "instances": [
        {
          "schema_version": 0,
          "attributes": {
            "id": "Mrs.subtly.deadly.prepared.flamingo",
            "keepers": null,
            "length": 4,
            "prefix": "Mrs",
            "separator": "."
          },
          "sensitive_attributes": []
        }
      ]
    }
  ],
  "check_results": []
}
